
Microsoft Visual Studio Solution File, Format Version 12.00
# Visual Studio Version 16
VisualStudioVersion = 16.0.30204.135
MinimumVisualStudioVersion = 10.0.40219.1
Project("{FAE04EC0-301F-11D3-BF4B-00C04F79EFBC}") = "GruutChatbot", "GruutChatbot.csproj", "{8A57DE9B-5D5B-4F50-913F-1478148CD08D}"
EndProject
Global
	GlobalSection(SolutionConfigurationPlatforms) = preSolution
		Debug|Any CPU = Debug|Any CPU
		Release|Any CPU = Release|Any CPU
	EndGlobalSection
	GlobalSection(ProjectConfigurationPlatforms) = postSolution
		{8A57DE9B-5D5B-4F50-913F-1478148CD08D}.Debug|Any CPU.ActiveCfg = Debug|Any CPU
		{8A57DE9B-5D5B-4F50-913F-1478148CD08D}.Debug|Any CPU.Build.0 = Debug|Any CPU
		{8A57DE9B-5D5B-4F50-913F-1478148CD08D}.Release|Any CPU.ActiveCfg = Release|Any CPU
		{8A57DE9B-5D5B-4F50-913F-1478148CD08D}.Release|Any CPU.Build.0 = Release|Any CPU
	EndGlobalSection
	GlobalSection(SolutionProperties) = preSolution
		HideSolutionNode = FALSE
	EndGlobalSection
	GlobalSection(ExtensibilityGlobals) = postSolution
		SolutionGuid = {3086E387-ACD0-4DE9-9FE6-77F8016A73A4}
	EndGlobalSection
EndGlobal
